{
  "name": "Calcula Investimento",
  "lockfileVersion": 2,
  "requires": true,
  "packages": {
    "": {
      "dependencies": {
        "@microsoft/mgt": "^4.6.0"
      }
    },
    "node_modules/@azure/msal-browser": {
      "version": "2.39.0",
      "resolved": "https://registry.npmjs.org/@azure/msal-browser/-/msal-browser-2.39.0.tgz",
      "integrity": "sha512-kks/n2AJzKUk+DBqZhiD+7zeQGBl+WpSOQYzWy6hff3bU0ZrYFqr4keFLlzB5VKuKZog0X59/FGHb1RPBDZLVg==",
      "dependencies": {
        "@azure/msal-common": "13.3.3"
      },
      "engines": {
        "node": ">=0.8.0"
      }
    },
    "node_modules/@azure/msal-common": {
      "version": "13.3.3",
      "resolved": "https://registry.npmjs.org/@azure/msal-common/-/msal-common-13.3.3.tgz",
      "integrity": "sha512-n278DdCXKeiWhLwhEL7/u9HRMyzhUXLefeajiknf6AmEedoiOiv2r5aRJ7LXdT3NGPyubkdIbthaJlVtmuEqvA==",
      "engines": {
        "node": ">=0.8.0"
      }
    },
    "node_modules/@babel/runtime": {
      "version": "7.29.2",
      "resolved": "https://registry.npmjs.org/@babel/runtime/-/runtime-7.29.2.tgz",
      "integrity": "sha512-JiDShH45zKHWyGe4ZNVRrCjBz8Nh9TMmZG1kh4QTK8hCBTWBi8Da+i7s1fJw7/lYpM4ccepSNfqzZ/QvABBi5g==",
      "engines": {
        "node": ">=6.9.0"
      }
    },
    "node_modules/@fluentui/web-components": {
      "version": "2.6.1",
      "resolved": "https://registry.npmjs.org/@fluentui/web-components/-/web-components-2.6.1.tgz",
      "integrity": "sha512-coyV+QZBVqcrJbncR2iyL0ZMXGFRJmP+JYUlewkYBt8bgmTMIwKBdUX0cN9S6KUp8JHoC2OSRqL8MYgT3T+YLQ==",
      "dependencies": {
        "@microsoft/fast-colors": "^5.3.0",
        "@microsoft/fast-element": "^1.13.0",
        "@microsoft/fast-foundation": "^2.49.6",
        "@microsoft/fast-web-utilities": "^5.4.0",
        "tslib": "^2.1.0"
      }
    },
    "node_modules/@lit-labs/ssr-dom-shim": {
      "version": "1.5.1",
      "resolved": "https://registry.npmjs.org/@lit-labs/ssr-dom-shim/-/ssr-dom-shim-1.5.1.tgz",
      "integrity": "sha512-Aou5UdlSpr5whQe8AA/bZG0jMj96CoJIWbGfZ91qieWu5AWUMKw8VR/pAkQkJYvBNhmCcWnZlyyk5oze8JIqYA=="
    },
    "node_modules/@lit/reactive-element": {
      "version": "2.1.2",
      "resolved": "https://registry.npmjs.org/@lit/reactive-element/-/reactive-element-2.1.2.tgz",
      "integrity": "sha512-pbCDiVMnne1lYUIaYNN5wrwQXDtHaYtg7YEFPeW+hws6U47WeFvISGUWekPGKWOP1ygrs0ef0o1VJMk1exos5A==",
      "dependencies": {
        "@lit-labs/ssr-dom-shim": "^1.5.0"
      }
    },
    "node_modules/@lit/task": {
      "version": "1.0.3",
      "resolved": "https://registry.npmjs.org/@lit/task/-/task-1.0.3.tgz",
      "integrity": "sha512-1gJGJl8WON+2j0y9xfcD+XsS1rvcy3XDgsIhcdUW++yTR8ESjZW6o7dn8M8a4SZM8NnJe6ynS2cKWwsbfLOurg==",
      "dependencies": {
        "@lit/reactive-element": "^1.0.0 || ^2.0.0"
      }
    },
    "node_modules/@microsoft/fast-colors": {
      "version": "5.3.1",
      "resolved": "https://registry.npmjs.org/@microsoft/fast-colors/-/fast-colors-5.3.1.tgz",
      "integrity": "sha512-72RZXVfCbwQzvo5sXXkuLXLT7rMeYaSf5r/6ewQiv/trBtqpWRm4DEH2EilHw/iWTBKOXs1qZNQndgUMa5n4LA=="
    },
    "node_modules/@microsoft/fast-element": {
      "version": "1.14.0",
      "resolved": "https://registry.npmjs.org/@microsoft/fast-element/-/fast-element-1.14.0.tgz",
      "integrity": "sha512-zXvuSOzvsu8zDTy9eby8ix8VqLop2rwKRgp++ZN2kTCsoB3+QJVoaGD2T/Cyso2ViZQFXNpiNCVKfnmxBvmWkQ=="
    },
    "node_modules/@microsoft/fast-foundation": {
      "version": "2.50.0",
      "resolved": "https://registry.npmjs.org/@microsoft/fast-foundation/-/fast-foundation-2.50.0.tgz",
      "integrity": "sha512-8mFYG88Xea1jZf2TI9Lm/jzZ6RWR8x29r24mGuLojNYqIR2Bl8+hnswoV6laApKdCbGMPKnsAL/O68Q0sRxeVg==",
      "dependencies": {
        "@microsoft/fast-element": "^1.14.0",
        "@microsoft/fast-web-utilities": "^5.4.1",
        "tabbable": "^5.2.0",
        "tslib": "^1.13.0"
      }
    },
    "node_modules/@microsoft/fast-foundation/node_modules/tslib": {
      "version": "1.14.1",
      "resolved": "https://registry.npmjs.org/tslib/-/tslib-1.14.1.tgz",
      "integrity": "sha512-Xni35NKzjgMrwevysHTCArtLDpPvye8zV/0E4EyYn43P7/7qvQwPh9BGkHewbMulVntbigmcT7rdX3BNo9wRJg=="
    },
    "node_modules/@microsoft/fast-web-utilities": {
      "version": "5.4.1",
      "resolved": "https://registry.npmjs.org/@microsoft/fast-web-utilities/-/fast-web-utilities-5.4.1.tgz",
      "integrity": "sha512-ReWYncndjV3c8D8iq9tp7NcFNc1vbVHvcBFPME2nNFKNbS1XCesYZGlIlf3ot5EmuOXPlrzUHOWzQ2vFpIkqDg==",
      "dependencies": {
        "exenv-es6": "^1.1.1"
      }
    },
    "node_modules/@microsoft/mgt": {
      "version": "4.6.0",
      "resolved": "https://registry.npmjs.org/@microsoft/mgt/-/mgt-4.6.0.tgz",
      "integrity": "sha512-qG1mfALzlTGuDWlRh+8bIuDEh2rm3BkpBj2aG8RLHi/wfm4wvPZvXn4e3GaxHS06O1iF5b7GMvGpu8DRH2i4jg==",
      "dependencies": {
        "@microsoft/mgt-components": "4.6.0",
        "@microsoft/mgt-element": "4.6.0",
        "@microsoft/mgt-mock-provider": "4.6.0",
        "@microsoft/mgt-msal2-provider": "4.6.0",
        "@microsoft/mgt-proxy-provider": "4.6.0",
        "@microsoft/mgt-sharepoint-provider": "4.6.0"
      }
    },
    "node_modules/@microsoft/mgt-components": {
      "version": "4.6.0",
      "resolved": "https://registry.npmjs.org/@microsoft/mgt-components/-/mgt-components-4.6.0.tgz",
      "integrity": "sha512-7KC2eq+4GccNbFPwtUGTSDGJR+cVI3KI2IQpkqpyr3S9rl9d3BwEfPlVYMPdI0xI4Kpl31IyyV1ebf2FZHgqOQ==",
      "dependencies": {
        "@fluentui/web-components": "^2.6.1",
        "@lit/task": "^1.0.0",
        "@microsoft/mgt-element": "4.6.0",
        "@microsoft/microsoft-graph-client": "3.0.2",
        "@microsoft/microsoft-graph-types": "^2.40.0",
        "@microsoft/microsoft-graph-types-beta": "^0.43.0-preview",
        "lit": "^3.1.2",
        "office-ui-fabric-core": "^11.1.0"
      }
    },
    "node_modules/@microsoft/mgt-element": {
      "version": "4.6.0",
      "resolved": "https://registry.npmjs.org/@microsoft/mgt-element/-/mgt-element-4.6.0.tgz",
      "integrity": "sha512-h9fQqfqf4kzxjsa7zCPI9Lz7MUtBoTaHZyalwl2Q8wVqkEoMUim9OK/Y6uElsefegbtVAK0ucPkVL5y1zzqHJQ==",
      "dependencies": {
        "@lit/task": "^1.0.0",
        "@microsoft/microsoft-graph-client": "3.0.2",
        "idb": "8.0.0",
        "lit": "^3.1.2"
      }
    },
    "node_modules/@microsoft/mgt-mock-provider": {
      "version": "4.6.0",
      "resolved": "https://registry.npmjs.org/@microsoft/mgt-mock-provider/-/mgt-mock-provider-4.6.0.tgz",
      "integrity": "sha512-A4qwM8ejoqVLIUo7oyo39ujS+H2IgZJCcQur+9NNthAVnGCCDqKEmjbXi1b0ras4lluG5AbUqku4pTYZ8BMqqA==",
      "dependencies": {
        "@microsoft/mgt-element": "4.6.0"
      }
    },
    "node_modules/@microsoft/mgt-msal2-provider": {
      "version": "4.6.0",
      "resolved": "https://registry.npmjs.org/@microsoft/mgt-msal2-provider/-/mgt-msal2-provider-4.6.0.tgz",
      "integrity": "sha512-Xl0qRje2jnZKIY4LKUInPgaFbpbtN4nkYShoh9n7Wy9AbTnprcaxK8VzxlxPZtpISe3pxQ78tXH0Mvc/xoeI9Q==",
      "dependencies": {
        "@azure/msal-browser": "^2.38.3",
        "@microsoft/mgt-element": "4.6.0",
        "@microsoft/microsoft-graph-client": "3.0.2"
      }
    },
    "node_modules/@microsoft/mgt-proxy-provider": {
      "version": "4.6.0",
      "resolved": "https://registry.npmjs.org/@microsoft/mgt-proxy-provider/-/mgt-proxy-provider-4.6.0.tgz",
      "integrity": "sha512-CXnuy2CbACxJTQchgDngOA2IoLTTId/JZQoapt640JuuPZRbSaFDDH2tyxTH9ZsLYKLgoBNGIa19tYz2w9/nNg==",
      "dependencies": {
        "@microsoft/mgt-element": "4.6.0",
        "@microsoft/microsoft-graph-client": "3.0.2"
      }
    },
    "node_modules/@microsoft/mgt-sharepoint-provider": {
      "version": "4.6.0",
      "resolved": "https://registry.npmjs.org/@microsoft/mgt-sharepoint-provider/-/mgt-sharepoint-provider-4.6.0.tgz",
      "integrity": "sha512-gWGlwZPY2xU7UnIcurhshAeElLMJSHDVTNohiuVE4u1uBECanBmQ4uXGr9xTLeD/d2LRZtyCbDdeiuskNICzDg==",
      "dependencies": {
        "@microsoft/mgt-element": "4.6.0"
      }
    },
    "node_modules/@microsoft/microsoft-graph-client": {
      "version": "3.0.2",
      "resolved": "https://registry.npmjs.org/@microsoft/microsoft-graph-client/-/microsoft-graph-client-3.0.2.tgz",
      "integrity": "sha512-eYDiApYmiGsm1s1jfAa/rhB2xQCsX4pWt0vCTd1LZmiApMQfT/c0hXj2hvpuGz5GrcLdugbu05xB79rIV57Pjw==",
      "dependencies": {
        "@babel/runtime": "^7.12.5",
        "tslib": "^2.2.0"
      },
      "engines": {
        "node": ">=12.0.0"
      },
      "peerDependenciesMeta": {
        "@azure/identity": {
          "optional": true
        },
        "@azure/msal-browser": {
          "optional": true
        },
        "buffer": {
          "optional": true
        },
        "stream-browserify": {
          "optional": true
        }
      }
    },
    "node_modules/@microsoft/microsoft-graph-types": {
      "version": "2.43.1",
      "resolved": "https://registry.npmjs.org/@microsoft/microsoft-graph-types/-/microsoft-graph-types-2.43.1.tgz",
      "integrity": "sha512-7r3FiJYW2qTWnl+Li8GV5MzJqPiJp27hvY98kH5V/ZMzGuIOkcJqOfIpusoIQrskLDfYk5kFT8AjpeW713qcIg=="
    },
    "node_modules/@microsoft/microsoft-graph-types-beta": {
      "version": "0.43.0-preview",
      "resolved": "https://registry.npmjs.org/@microsoft/microsoft-graph-types-beta/-/microsoft-graph-types-beta-0.43.0-preview.tgz",
      "integrity": "sha512-HngQCu0Mt4r+nqdBNx3OqUgFwkgw1XI1y2SOTGTJmeUBbIKZdTJbEH7X81uNGQDllEcSGtUOmLNv54yD35pORg=="
    },
    "node_modules/@types/trusted-types": {
      "version": "2.0.7",
      "resolved": "https://registry.npmjs.org/@types/trusted-types/-/trusted-types-2.0.7.tgz",
      "integrity": "sha512-ScaPdn1dQczgbl0QFTeTOmVHFULt394XJgOQNoyVhZ6r2vLnMLJfBPd53SB52T/3G36VI1/g2MZaX0cwDuXsfw=="
    },
    "node_modules/exenv-es6": {
      "version": "1.1.1",
      "resolved": "https://registry.npmjs.org/exenv-es6/-/exenv-es6-1.1.1.tgz",
      "integrity": "sha512-vlVu3N8d6yEMpMsEm+7sUBAI81aqYYuEvfK0jNqmdb/OPXzzH7QWDDnVjMvDSY47JdHEqx/dfC/q8WkfoTmpGQ=="
    },
    "node_modules/idb": {
      "version": "8.0.0",
      "resolved": "https://registry.npmjs.org/idb/-/idb-8.0.0.tgz",
      "integrity": "sha512-l//qvlAKGmQO31Qn7xdzagVPPaHTxXx199MhrAFuVBTPqydcPYBWjkrbv4Y0ktB+GmWOiwHl237UUOrLmQxLvw=="
    },
    "node_modules/lit": {
      "version": "3.3.2",
      "resolved": "https://registry.npmjs.org/lit/-/lit-3.3.2.tgz",
      "integrity": "sha512-NF9zbsP79l4ao2SNrH3NkfmFgN/hBYSQo90saIVI1o5GpjAdCPVstVzO1MrLOakHoEhYkrtRjPK6Ob521aoYWQ==",
      "dependencies": {
        "@lit/reactive-element": "^2.1.0",
        "lit-element": "^4.2.0",
        "lit-html": "^3.3.0"
      }
    },
    "node_modules/lit-element": {
      "version": "4.2.2",
      "resolved": "https://registry.npmjs.org/lit-element/-/lit-element-4.2.2.tgz",
      "integrity": "sha512-aFKhNToWxoyhkNDmWZwEva2SlQia+jfG0fjIWV//YeTaWrVnOxD89dPKfigCUspXFmjzOEUQpOkejH5Ly6sG0w==",
      "dependencies": {
        "@lit-labs/ssr-dom-shim": "^1.5.0",
        "@lit/reactive-element": "^2.1.0",
        "lit-html": "^3.3.0"
      }
    },
    "node_modules/lit-html": {
      "version": "3.3.2",
      "resolved": "https://registry.npmjs.org/lit-html/-/lit-html-3.3.2.tgz",
      "integrity": "sha512-Qy9hU88zcmaxBXcc10ZpdK7cOLXvXpRoBxERdtqV9QOrfpMZZ6pSYP91LhpPtap3sFMUiL7Tw2RImbe0Al2/kw==",
      "dependencies": {
        "@types/trusted-types": "^2.0.2"
      }
    },
    "node_modules/office-ui-fabric-core": {
      "version": "11.1.0",
      "resolved": "https://registry.npmjs.org/office-ui-fabric-core/-/office-ui-fabric-core-11.1.0.tgz",
      "integrity": "sha512-uV7CbMBAqbHRa7ihNlgbDMIdiKb49TCamhsfuK7Yx7JXx05WdN/lZPWLmPnAALVQAFuO95ZJMAwNjyyEeXk47A=="
    },
    "node_modules/tabbable": {
      "version": "5.3.3",
      "resolved": "https://registry.npmjs.org/tabbable/-/tabbable-5.3.3.tgz",
      "integrity": "sha512-QD9qKY3StfbZqWOPLp0++pOrAVb/HbUi5xCc8cUo4XjP19808oaMiDzn0leBY5mCespIBM0CIZePzZjgzR83kA=="
    },
    "node_modules/tslib": {
      "version": "2.8.1",
      "resolved": "https://registry.npmjs.org/tslib/-/tslib-2.8.1.tgz",
      "integrity": "sha512-oJFu94HQb+KVduSUQL7wnpmqnfmLsOA/nAh6b6EH0wCEoK0/mPeXU6c3wKDV83MkOuHPRHtSXKKU99IBazS/2w=="
    }
  },
  "dependencies": {
    "@azure/msal-browser": {
      "version": "2.39.0",
      "resolved": "https://registry.npmjs.org/@azure/msal-browser/-/msal-browser-2.39.0.tgz",
      "integrity": "sha512-kks/n2AJzKUk+DBqZhiD+7zeQGBl+WpSOQYzWy6hff3bU0ZrYFqr4keFLlzB5VKuKZog0X59/FGHb1RPBDZLVg==",
      "requires": {
        "@azure/msal-common": "13.3.3"
      }
    },
    "@azure/msal-common": {
      "version": "13.3.3",
      "resolved": "https://registry.npmjs.org/@azure/msal-common/-/msal-common-13.3.3.tgz",
      "integrity": "sha512-n278DdCXKeiWhLwhEL7/u9HRMyzhUXLefeajiknf6AmEedoiOiv2r5aRJ7LXdT3NGPyubkdIbthaJlVtmuEqvA=="
    },
    "@babel/runtime": {
      "version": "7.29.2",
      "resolved": "https://registry.npmjs.org/@babel/runtime/-/runtime-7.29.2.tgz",
      "integrity": "sha512-JiDShH45zKHWyGe4ZNVRrCjBz8Nh9TMmZG1kh4QTK8hCBTWBi8Da+i7s1fJw7/lYpM4ccepSNfqzZ/QvABBi5g=="
    },
    "@fluentui/web-components": {
      "version": "2.6.1",
      "resolved": "https://registry.npmjs.org/@fluentui/web-components/-/web-components-2.6.1.tgz",
      "integrity": "sha512-coyV+QZBVqcrJbncR2iyL0ZMXGFRJmP+JYUlewkYBt8bgmTMIwKBdUX0cN9S6KUp8JHoC2OSRqL8MYgT3T+YLQ==",
      "requires": {
        "@microsoft/fast-colors": "^5.3.0",
        "@microsoft/fast-element": "^1.13.0",
        "@microsoft/fast-foundation": "^2.49.6",
        "@microsoft/fast-web-utilities": "^5.4.0",
        "tslib": "^2.1.0"
      }
    },
    "@lit-labs/ssr-dom-shim": {
      "version": "1.5.1",
      "resolved": "https://registry.npmjs.org/@lit-labs/ssr-dom-shim/-/ssr-dom-shim-1.5.1.tgz",
      "integrity": "sha512-Aou5UdlSpr5whQe8AA/bZG0jMj96CoJIWbGfZ91qieWu5AWUMKw8VR/pAkQkJYvBNhmCcWnZlyyk5oze8JIqYA=="
    },
    "@lit/reactive-element": {
      "version": "2.1.2",
      "resolved": "https://registry.npmjs.org/@lit/reactive-element/-/reactive-element-2.1.2.tgz",
      "integrity": "sha512-pbCDiVMnne1lYUIaYNN5wrwQXDtHaYtg7YEFPeW+hws6U47WeFvISGUWekPGKWOP1ygrs0ef0o1VJMk1exos5A==",
      "requires": {
        "@lit-labs/ssr-dom-shim": "^1.5.0"
      }
    },
    "@lit/task": {
      "version": "1.0.3",
      "resolved": "https://registry.npmjs.org/@lit/task/-/task-1.0.3.tgz",
      "integrity": "sha512-1gJGJl8WON+2j0y9xfcD+XsS1rvcy3XDgsIhcdUW++yTR8ESjZW6o7dn8M8a4SZM8NnJe6ynS2cKWwsbfLOurg==",
      "requires": {
        "@lit/reactive-element": "^1.0.0 || ^2.0.0"
      }
    },
    "@microsoft/fast-colors": {
      "version": "5.3.1",
      "resolved": "https://registry.npmjs.org/@microsoft/fast-colors/-/fast-colors-5.3.1.tgz",
      "integrity": "sha512-72RZXVfCbwQzvo5sXXkuLXLT7rMeYaSf5r/6ewQiv/trBtqpWRm4DEH2EilHw/iWTBKOXs1qZNQndgUMa5n4LA=="
    },
    "@microsoft/fast-element": {
      "version": "1.14.0",
      "resolved": "https://registry.npmjs.org/@microsoft/fast-element/-/fast-element-1.14.0.tgz",
      "integrity": "sha512-zXvuSOzvsu8zDTy9eby8ix8VqLop2rwKRgp++ZN2kTCsoB3+QJVoaGD2T/Cyso2ViZQFXNpiNCVKfnmxBvmWkQ=="
    },
    "@microsoft/fast-foundation": {
      "version": "2.50.0",
      "resolved": "https://registry.npmjs.org/@microsoft/fast-foundation/-/fast-foundation-2.50.0.tgz",
      "integrity": "sha512-8mFYG88Xea1jZf2TI9Lm/jzZ6RWR8x29r24mGuLojNYqIR2Bl8+hnswoV6laApKdCbGMPKnsAL/O68Q0sRxeVg==",
      "requires": {
        "@microsoft/fast-element": "^1.14.0",
        "@microsoft/fast-web-utilities": "^5.4.1",
        "tabbable": "^5.2.0",
        "tslib": "^1.13.0"
      },
      "dependencies": {
        "tslib": {
          "version": "1.14.1",
          "resolved": "https://registry.npmjs.org/tslib/-/tslib-1.14.1.tgz",
          "integrity": "sha512-Xni35NKzjgMrwevysHTCArtLDpPvye8zV/0E4EyYn43P7/7qvQwPh9BGkHewbMulVntbigmcT7rdX3BNo9wRJg=="
        }
      }
    },
    "@microsoft/fast-web-utilities": {
      "version": "5.4.1",
      "resolved": "https://registry.npmjs.org/@microsoft/fast-web-utilities/-/fast-web-utilities-5.4.1.tgz",
      "integrity": "sha512-ReWYncndjV3c8D8iq9tp7NcFNc1vbVHvcBFPME2nNFKNbS1XCesYZGlIlf3ot5EmuOXPlrzUHOWzQ2vFpIkqDg==",
      "requires": {
        "exenv-es6": "^1.1.1"
      }
    },
    "@microsoft/mgt": {
      "version": "4.6.0",
      "resolved": "https://registry.npmjs.org/@microsoft/mgt/-/mgt-4.6.0.tgz",
      "integrity": "sha512-qG1mfALzlTGuDWlRh+8bIuDEh2rm3BkpBj2aG8RLHi/wfm4wvPZvXn4e3GaxHS06O1iF5b7GMvGpu8DRH2i4jg==",
      "requires": {
        "@microsoft/mgt-components": "4.6.0",
        "@microsoft/mgt-element": "4.6.0",
        "@microsoft/mgt-mock-provider": "4.6.0",
        "@microsoft/mgt-msal2-provider": "4.6.0",
        "@microsoft/mgt-proxy-provider": "4.6.0",
        "@microsoft/mgt-sharepoint-provider": "4.6.0"
      }
    },
    "@microsoft/mgt-components": {
      "version": "4.6.0",
      "resolved": "https://registry.npmjs.org/@microsoft/mgt-components/-/mgt-components-4.6.0.tgz",
      "integrity": "sha512-7KC2eq+4GccNbFPwtUGTSDGJR+cVI3KI2IQpkqpyr3S9rl9d3BwEfPlVYMPdI0xI4Kpl31IyyV1ebf2FZHgqOQ==",
      "requires": {
        "@fluentui/web-components": "^2.6.1",
        "@lit/task": "^1.0.0",
        "@microsoft/mgt-element": "4.6.0",
        "@microsoft/microsoft-graph-client": "3.0.2",
        "@microsoft/microsoft-graph-types": "^2.40.0",
        "@microsoft/microsoft-graph-types-beta": "^0.43.0-preview",
        "lit": "^3.1.2",
        "office-ui-fabric-core": "^11.1.0"
      }
    },
    "@microsoft/mgt-element": {
      "version": "4.6.0",
      "resolved": "https://registry.npmjs.org/@microsoft/mgt-element/-/mgt-element-4.6.0.tgz",
      "integrity": "sha512-h9fQqfqf4kzxjsa7zCPI9Lz7MUtBoTaHZyalwl2Q8wVqkEoMUim9OK/Y6uElsefegbtVAK0ucPkVL5y1zzqHJQ==",
      "requires": {
        "@lit/task": "^1.0.0",
        "@microsoft/microsoft-graph-client": "3.0.2",
        "idb": "8.0.0",
        "lit": "^3.1.2"
      }
    },
    "@microsoft/mgt-mock-provider": {
      "version": "4.6.0",
      "resolved": "https://registry.npmjs.org/@microsoft/mgt-mock-provider/-/mgt-mock-provider-4.6.0.tgz",
      "integrity": "sha512-A4qwM8ejoqVLIUo7oyo39ujS+H2IgZJCcQur+9NNthAVnGCCDqKEmjbXi1b0ras4lluG5AbUqku4pTYZ8BMqqA==",
      "requires": {
        "@microsoft/mgt-element": "4.6.0"
      }
    },
    "@microsoft/mgt-msal2-provider": {
      "version": "4.6.0",
      "resolved": "https://registry.npmjs.org/@microsoft/mgt-msal2-provider/-/mgt-msal2-provider-4.6.0.tgz",
      "integrity": "sha512-Xl0qRje2jnZKIY4LKUInPgaFbpbtN4nkYShoh9n7Wy9AbTnprcaxK8VzxlxPZtpISe3pxQ78tXH0Mvc/xoeI9Q==",
      "requires": {
        "@azure/msal-browser": "^2.38.3",
        "@microsoft/mgt-element": "4.6.0",
        "@microsoft/microsoft-graph-client": "3.0.2"
      }
    },
    "@microsoft/mgt-proxy-provider": {
      "version": "4.6.0",
      "resolved": "https://registry.npmjs.org/@microsoft/mgt-proxy-provider/-/mgt-proxy-provider-4.6.0.tgz",
      "integrity": "sha512-CXnuy2CbACxJTQchgDngOA2IoLTTId/JZQoapt640JuuPZRbSaFDDH2tyxTH9ZsLYKLgoBNGIa19tYz2w9/nNg==",
      "requires": {
        "@microsoft/mgt-element": "4.6.0",
        "@microsoft/microsoft-graph-client": "3.0.2"
      }
    },
    "@microsoft/mgt-sharepoint-provider": {
      "version": "4.6.0",
      "resolved": "https://registry.npmjs.org/@microsoft/mgt-sharepoint-provider/-/mgt-sharepoint-provider-4.6.0.tgz",
      "integrity": "sha512-gWGlwZPY2xU7UnIcurhshAeElLMJSHDVTNohiuVE4u1uBECanBmQ4uXGr9xTLeD/d2LRZtyCbDdeiuskNICzDg==",
      "requires": {
        "@microsoft/mgt-element": "4.6.0"
      }
    },
    "@microsoft/microsoft-graph-client": {
      "version": "3.0.2",
      "resolved": "https://registry.npmjs.org/@microsoft/microsoft-graph-client/-/microsoft-graph-client-3.0.2.tgz",
      "integrity": "sha512-eYDiApYmiGsm1s1jfAa/rhB2xQCsX4pWt0vCTd1LZmiApMQfT/c0hXj2hvpuGz5GrcLdugbu05xB79rIV57Pjw==",
      "requires": {
        "@babel/runtime": "^7.12.5",
        "tslib": "^2.2.0"
      }
    },
    "@microsoft/microsoft-graph-types": {
      "version": "2.43.1",
      "resolved": "https://registry.npmjs.org/@microsoft/microsoft-graph-types/-/microsoft-graph-types-2.43.1.tgz",
      "integrity": "sha512-7r3FiJYW2qTWnl+Li8GV5MzJqPiJp27hvY98kH5V/ZMzGuIOkcJqOfIpusoIQrskLDfYk5kFT8AjpeW713qcIg=="
    },
    "@microsoft/microsoft-graph-types-beta": {
      "version": "0.43.0-preview",
      "resolved": "https://registry.npmjs.org/@microsoft/microsoft-graph-types-beta/-/microsoft-graph-types-beta-0.43.0-preview.tgz",
      "integrity": "sha512-HngQCu0Mt4r+nqdBNx3OqUgFwkgw1XI1y2SOTGTJmeUBbIKZdTJbEH7X81uNGQDllEcSGtUOmLNv54yD35pORg=="
    },
    "@types/trusted-types": {
      "version": "2.0.7",
      "resolved": "https://registry.npmjs.org/@types/trusted-types/-/trusted-types-2.0.7.tgz",
      "integrity": "sha512-ScaPdn1dQczgbl0QFTeTOmVHFULt394XJgOQNoyVhZ6r2vLnMLJfBPd53SB52T/3G36VI1/g2MZaX0cwDuXsfw=="
    },
    "exenv-es6": {
      "version": "1.1.1",
      "resolved": "https://registry.npmjs.org/exenv-es6/-/exenv-es6-1.1.1.tgz",
      "integrity": "sha512-vlVu3N8d6yEMpMsEm+7sUBAI81aqYYuEvfK0jNqmdb/OPXzzH7QWDDnVjMvDSY47JdHEqx/dfC/q8WkfoTmpGQ=="
    },
    "idb": {
      "version": "8.0.0",
      "resolved": "https://registry.npmjs.org/idb/-/idb-8.0.0.tgz",
      "integrity": "sha512-l//qvlAKGmQO31Qn7xdzagVPPaHTxXx199MhrAFuVBTPqydcPYBWjkrbv4Y0ktB+GmWOiwHl237UUOrLmQxLvw=="
    },
    "lit": {
      "version": "3.3.2",
      "resolved": "https://registry.npmjs.org/lit/-/lit-3.3.2.tgz",
      "integrity": "sha512-NF9zbsP79l4ao2SNrH3NkfmFgN/hBYSQo90saIVI1o5GpjAdCPVstVzO1MrLOakHoEhYkrtRjPK6Ob521aoYWQ==",
      "requires": {
        "@lit/reactive-element": "^2.1.0",
        "lit-element": "^4.2.0",
        "lit-html": "^3.3.0"
      }
    },
    "lit-element": {
      "version": "4.2.2",
      "resolved": "https://registry.npmjs.org/lit-element/-/lit-element-4.2.2.tgz",
      "integrity": "sha512-aFKhNToWxoyhkNDmWZwEva2SlQia+jfG0fjIWV//YeTaWrVnOxD89dPKfigCUspXFmjzOEUQpOkejH5Ly6sG0w==",
      "requires": {
        "@lit-labs/ssr-dom-shim": "^1.5.0",
        "@lit/reactive-element": "^2.1.0",
        "lit-html": "^3.3.0"
      }
    },
    "lit-html": {
      "version": "3.3.2",
      "resolved": "https://registry.npmjs.org/lit-html/-/lit-html-3.3.2.tgz",
      "integrity": "sha512-Qy9hU88zcmaxBXcc10ZpdK7cOLXvXpRoBxERdtqV9QOrfpMZZ6pSYP91LhpPtap3sFMUiL7Tw2RImbe0Al2/kw==",
      "requires": {
        "@types/trusted-types": "^2.0.2"
      }
    },
    "office-ui-fabric-core": {
      "version": "11.1.0",
      "resolved": "https://registry.npmjs.org/office-ui-fabric-core/-/office-ui-fabric-core-11.1.0.tgz",
      "integrity": "sha512-uV7CbMBAqbHRa7ihNlgbDMIdiKb49TCamhsfuK7Yx7JXx05WdN/lZPWLmPnAALVQAFuO95ZJMAwNjyyEeXk47A=="
    },
    "tabbable": {
      "version": "5.3.3",
      "resolved": "https://registry.npmjs.org/tabbable/-/tabbable-5.3.3.tgz",
      "integrity": "sha512-QD9qKY3StfbZqWOPLp0++pOrAVb/HbUi5xCc8cUo4XjP19808oaMiDzn0leBY5mCespIBM0CIZePzZjgzR83kA=="
    },
    "tslib": {
      "version": "2.8.1",
      "resolved": "https://registry.npmjs.org/tslib/-/tslib-2.8.1.tgz",
      "integrity": "sha512-oJFu94HQb+KVduSUQL7wnpmqnfmLsOA/nAh6b6EH0wCEoK0/mPeXU6c3wKDV83MkOuHPRHtSXKKU99IBazS/2w=="
    }
  }
}
